
Microsoft Visual Studio Solution File, Format Version 12.00
# Visual Studio Version 17
VisualStudioVersion = 17.5.002.0
MinimumVisualStudioVersion = 10.0.40219.1
Project("{9A19103F-16F7-4668-BE54-9A1E7A4F7556}") = "AzureWebApi", "AzureWebApi.csproj", "{A22048A9-DE18-4D5D-A7FE-F0F781C31400}"
EndProject
Global
	GlobalSection(SolutionConfigurationPlatforms) = preSolution
		Debug|Any CPU = Debug|Any CPU
		Release|Any CPU = Release|Any CPU
	EndGlobalSection
	GlobalSection(ProjectConfigurationPlatforms) = postSolution
		{A22048A9-DE18-4D5D-A7FE-F0F781C31400}.Debug|Any CPU.ActiveCfg = Debug|Any CPU
		{A22048A9-DE18-4D5D-A7FE-F0F781C31400}.Debug|Any CPU.Build.0 = Debug|Any CPU
		{A22048A9-DE18-4D5D-A7FE-F0F781C31400}.Release|Any CPU.ActiveCfg = Release|Any CPU
		{A22048A9-DE18-4D5D-A7FE-F0F781C31400}.Release|Any CPU.Build.0 = Release|Any CPU
	EndGlobalSection
	GlobalSection(SolutionProperties) = preSolution
		HideSolutionNode = FALSE
	EndGlobalSection
	GlobalSection(ExtensibilityGlobals) = postSolution
		SolutionGuid = {1288EF76-56ED-4D5E-840A-55B139FCE211}
	EndGlobalSection
EndGlobal
